
Microsoft Visual Studio Solution File, Format Version 12.00
# Visual Studio Version 17
VisualStudioVersion = 17.8.34525.116
MinimumVisualStudioVersion = 10.0.40219.1
Project("{9A19103F-16F7-4668-BE54-9A1E7A4F7556}") = "DotNetCampus.Numerics", "DotNetCampus.Numerics\DotNetCampus.Numerics.csproj", "{6DDCFB8B-889F-40BF-ACC6-B7C4F8C2B6B0}"
EndProject
Project("{9A19103F-16F7-4668-BE54-9A1E7A4F7556}") = "DotNetCampus.Numerics.Geometry", "DotNetCampus.Numerics.Geometry\DotNetCampus.Numerics.Geometry.csproj", "{C9F32932-5B50-499F-97D2-19AD1D4E105D}"
EndProject
Project("{9A19103F-16F7-4668-BE54-9A1E7A4F7556}") = "DotNetCampus.Numerics.InternalSourceGenerators", "DotNetCampus.Numerics.InternalSourceGenerators\DotNetCampus.Numerics.InternalSourceGenerators.csproj", "{925FEF64-F67D-4DBC-9E5A-8F28BAB7D1F6}"
EndProject
Project("{9A19103F-16F7-4668-BE54-9A1E7A4F7556}") = "DotNetCampus.Numerics.Tests", "DotNetCampus.Numerics.Tests\DotNetCampus.Numerics.Tests.csproj", "{6EC36852-5DB9-4DD1-A014-6E01D2DC94AC}"
EndProject
Project("{FAE04EC0-301F-11D3-BF4B-00C04F79EFBC}") = "DotNetCampus.Numerics.Geometry.Tests", "DotNetCampus.Numerics.Geometry.Tests\DotNetCampus.Numerics.Geometry.Tests.csproj", "{844571FC-13A5-485A-8D83-D90395ADB552}"
EndProject
Project("{2150E333-8FDC-42A3-9474-1A3956D46DE8}") = "build", "build", "{FF8212D2-7B39-46C8-9694-C7AFDF6B470C}"
	ProjectSection(SolutionItems) = preProject
		.editorconfig = .editorconfig
		Directory.Build.props = Directory.Build.props
		Directory.Packages.props = Directory.Packages.props
		Build\Version.props = Build\Version.props
	EndProjectSection
EndProject
Global
	GlobalSection(SolutionConfigurationPlatforms) = preSolution
		Debug|Any CPU = Debug|Any CPU
		Release|Any CPU = Release|Any CPU
	EndGlobalSection
	GlobalSection(ProjectConfigurationPlatforms) = postSolution
		{6DDCFB8B-889F-40BF-ACC6-B7C4F8C2B6B0}.Debug|Any CPU.ActiveCfg = Debug|Any CPU
		{6DDCFB8B-889F-40BF-ACC6-B7C4F8C2B6B0}.Debug|Any CPU.Build.0 = Debug|Any CPU
		{6DDCFB8B-889F-40BF-ACC6-B7C4F8C2B6B0}.Release|Any CPU.ActiveCfg = Release|Any CPU
		{6DDCFB8B-889F-40BF-ACC6-B7C4F8C2B6B0}.Release|Any CPU.Build.0 = Release|Any CPU
		{C9F32932-5B50-499F-97D2-19AD1D4E105D}.Debug|Any CPU.ActiveCfg = Debug|Any CPU
		{C9F32932-5B50-499F-97D2-19AD1D4E105D}.Debug|Any CPU.Build.0 = Debug|Any CPU
		{C9F32932-5B50-499F-97D2-19AD1D4E105D}.Release|Any CPU.ActiveCfg = Release|Any CPU
		{C9F32932-5B50-499F-97D2-19AD1D4E105D}.Release|Any CPU.Build.0 = Release|Any CPU
		{925FEF64-F67D-4DBC-9E5A-8F28BAB7D1F6}.Debug|Any CPU.ActiveCfg = Debug|Any CPU
		{925FEF64-F67D-4DBC-9E5A-8F28BAB7D1F6}.Debug|Any CPU.Build.0 = Debug|Any CPU
		{925FEF64-F67D-4DBC-9E5A-8F28BAB7D1F6}.Release|Any CPU.ActiveCfg = Release|Any CPU
		{925FEF64-F67D-4DBC-9E5A-8F28BAB7D1F6}.Release|Any CPU.Build.0 = Release|Any CPU
		{6EC36852-5DB9-4DD1-A014-6E01D2DC94AC}.Debug|Any CPU.ActiveCfg = Debug|Any CPU
		{6EC36852-5DB9-4DD1-A014-6E01D2DC94AC}.Debug|Any CPU.Build.0 = Debug|Any CPU
		{6EC36852-5DB9-4DD1-A014-6E01D2DC94AC}.Release|Any CPU.ActiveCfg = Release|Any CPU
		{6EC36852-5DB9-4DD1-A014-6E01D2DC94AC}.Release|Any CPU.Build.0 = Release|Any CPU
		{844571FC-13A5-485A-8D83-D90395ADB552}.Debug|Any CPU.ActiveCfg = Debug|Any CPU
		{844571FC-13A5-485A-8D83-D90395ADB552}.Debug|Any CPU.Build.0 = Debug|Any CPU
		{844571FC-13A5-485A-8D83-D90395ADB552}.Release|Any CPU.ActiveCfg = Release|Any CPU
		{844571FC-13A5-485A-8D83-D90395ADB552}.Release|Any CPU.Build.0 = Release|Any CPU
	EndGlobalSection
	GlobalSection(SolutionProperties) = preSolution
		HideSolutionNode = FALSE
	EndGlobalSection
	GlobalSection(ExtensibilityGlobals) = postSolution
		SolutionGuid = {0D82061A-E0CF-4002-9C76-7BF0D9BA85FC}
	EndGlobalSection
EndGlobal
