
Microsoft Visual Studio Solution File, Format Version 12.00
Project("{FAE04EC0-301F-11D3-BF4B-00C04F79EFBC}") = "SeWzc.Numerics", "SeWzc.Numerics\SeWzc.Numerics.csproj", "{6DDCFB8B-889F-40BF-ACC6-B7C4F8C2B6B0}"
EndProject
Project("{FAE04EC0-301F-11D3-BF4B-00C04F79EFBC}") = "SeWzc.Numerics.Geometry", "SeWzc.Numerics.Geometry\SeWzc.Numerics.Geometry.csproj", "{C9F32932-5B50-499F-97D2-19AD1D4E105D}"
EndProject
Global
	GlobalSection(SolutionConfigurationPlatforms) = preSolution
		Debug|Any CPU = Debug|Any CPU
		Release|Any CPU = Release|Any CPU
	EndGlobalSection
	GlobalSection(ProjectConfigurationPlatforms) = postSolution
		{6DDCFB8B-889F-40BF-ACC6-B7C4F8C2B6B0}.Debug|Any CPU.ActiveCfg = Debug|Any CPU
		{6DDCFB8B-889F-40BF-ACC6-B7C4F8C2B6B0}.Debug|Any CPU.Build.0 = Debug|Any CPU
		{6DDCFB8B-889F-40BF-ACC6-B7C4F8C2B6B0}.Release|Any CPU.ActiveCfg = Release|Any CPU
		{6DDCFB8B-889F-40BF-ACC6-B7C4F8C2B6B0}.Release|Any CPU.Build.0 = Release|Any CPU
		{C9F32932-5B50-499F-97D2-19AD1D4E105D}.Debug|Any CPU.ActiveCfg = Debug|Any CPU
		{C9F32932-5B50-499F-97D2-19AD1D4E105D}.Debug|Any CPU.Build.0 = Debug|Any CPU
		{C9F32932-5B50-499F-97D2-19AD1D4E105D}.Release|Any CPU.ActiveCfg = Release|Any CPU
		{C9F32932-5B50-499F-97D2-19AD1D4E105D}.Release|Any CPU.Build.0 = Release|Any CPU
	EndGlobalSection
EndGlobal
